<?xml version="1.0" encoding="utf-8"?>
<Project ToolsVersion="4.0" xmlns="http://schemas.microsoft.com/developer/msbuild/2003">
  <ItemGroup>
    <Filter Include="Source Files">
      <UniqueIdentifier>{4FC737F1-C7A5-4376-A066-2A32D752A2FF}</UniqueIdentifier>
      <Extensions>cpp;c;cc;cxx;def;odl;idl;hpj;bat;asm;asmx</Extensions>
    </Filter>
    <Filter Include="Header Files">
      <UniqueIdentifier>{93995380-89BD-4b04-88EB-625FBE52EBFB}</UniqueIdentifier>
      <Extensions>h;hpp;hxx;hm;inl;inc;xsd</Extensions>
    </Filter>
    <Filter Include="Resource Files">
      <UniqueIdentifier>{67DA6AB6-F800-4c08-8B7A-83BB121AAD01}</UniqueIdentifier>
      <Extensions>rc;ico;cur;bmp;dlg;rc2;rct;bin;rgs;gif;jpg;jpeg;jpe;resx;tiff;tif;png;wav;mfcribbon-ms</Extensions>
    </Filter>
  </ItemGroup>
  <ItemGroup>
    <Text Include="ReadMe.txt" />
  </ItemGroup>
  <ItemGroup>
    <ClInclude Include="stdafx.h">
      <Filter>Header Files</Filter>
    </ClInclude>
    <ClInclude Include="targetver.h">
      <Filter>Header Files</Filter>
    </ClInclude>
    <ClInclude Include="MainFrm.h">
      <Filter>Header Files</Filter>
    </ClInclude>
    <ClInclude Include="ChildFrm.h">
      <Filter>Header Files</Filter>
    </ClInclude>
    <ClInclude Include="Resource.h">
      <Filter>Header Files</Filter>
    </ClInclude>
    <ClInclude Include="PatientSearchDlg.h">
      <Filter>Header Files</Filter>
    </ClInclude>
    <ClInclude Include="patient_master.h">
      <Filter>Header Files</Filter>
    </ClInclude>
    <ClInclude Include="HomeHealthDatabase.h">
      <Filter>Header Files</Filter>
    </ClInclude>
    <ClInclude Include="patient_episode.h">
      <Filter>Header Files</Filter>
    </ClInclude>
    <ClInclude Include="oversight_billing.h">
      <Filter>Header Files</Filter>
    </ClInclude>
    <ClInclude Include="EpisodeDlg.h">
      <Filter>Header Files</Filter>
    </ClInclude>
    <ClInclude Include="AddPatientDlg.h">
      <Filter>Header Files</Filter>
    </ClInclude>
    <ClInclude Include="hh_agency_master.h">
      <Filter>Header Files</Filter>
    </ClInclude>
    <ClInclude Include="oversight_cpo_code_master.h">
      <Filter>Header Files</Filter>
    </ClInclude>
    <ClInclude Include="oversight_health.h">
      <Filter>Header Files</Filter>
    </ClInclude>
    <ClInclude Include="HomeHealthApp.h">
      <Filter>Header Files</Filter>
    </ClInclude>
    <ClInclude Include="HomeHealthDoc.h">
      <Filter>Header Files</Filter>
    </ClInclude>
    <ClInclude Include="HomeHealthSet.h">
      <Filter>Header Files</Filter>
    </ClInclude>
    <ClInclude Include="HomeHealthView.h">
      <Filter>Header Files</Filter>
    </ClInclude>
    <ClInclude Include="CommonDefines.h">
      <Filter>Header Files</Filter>
    </ClInclude>
    <ClInclude Include="InitialBillingDlg.h">
      <Filter>Header Files</Filter>
    </ClInclude>
    <ClInclude Include="OversightRecordDlg.h">
      <Filter>Header Files</Filter>
    </ClInclude>
    <ClInclude Include="patient_billing.h">
      <Filter>Header Files</Filter>
    </ClInclude>
    <ClInclude Include="OversightBillingDlg.h">
      <Filter>Header Files</Filter>
    </ClInclude>
  </ItemGroup>
  <ItemGroup>
    <ClCompile Include="stdafx.cpp">
      <Filter>Source Files</Filter>
    </ClCompile>
    <ClCompile Include="MainFrm.cpp">
      <Filter>Source Files</Filter>
    </ClCompile>
    <ClCompile Include="ChildFrm.cpp">
      <Filter>Source Files</Filter>
    </ClCompile>
    <ClCompile Include="PatientSearchDlg.cpp">
      <Filter>Source Files</Filter>
    </ClCompile>
    <ClCompile Include="patient_master.cpp">
      <Filter>Source Files</Filter>
    </ClCompile>
    <ClCompile Include="HomeHealthDatabase.cpp">
      <Filter>Source Files</Filter>
    </ClCompile>
    <ClCompile Include="patient_episode.cpp">
      <Filter>Source Files</Filter>
    </ClCompile>
    <ClCompile Include="oversight_billing.cpp">
      <Filter>Source Files</Filter>
    </ClCompile>
    <ClCompile Include="EpisodeDlg.cpp">
      <Filter>Source Files</Filter>
    </ClCompile>
    <ClCompile Include="AddPatientDlg.cpp">
      <Filter>Source Files</Filter>
    </ClCompile>
    <ClCompile Include="hh_agency_master.cpp">
      <Filter>Source Files</Filter>
    </ClCompile>
    <ClCompile Include="oversight_cpo_code_master.cpp">
      <Filter>Source Files</Filter>
    </ClCompile>
    <ClCompile Include="oversight_health.cpp">
      <Filter>Source Files</Filter>
    </ClCompile>
    <ClCompile Include="HomeHealthApp.cpp">
      <Filter>Source Files</Filter>
    </ClCompile>
    <ClCompile Include="HomeHealthDoc.cpp">
      <Filter>Source Files</Filter>
    </ClCompile>
    <ClCompile Include="HomeHealthSet.cpp">
      <Filter>Source Files</Filter>
    </ClCompile>
    <ClCompile Include="HomeHealthView.cpp">
      <Filter>Source Files</Filter>
    </ClCompile>
    <ClCompile Include="InitialBillingDlg.cpp">
      <Filter>Source Files</Filter>
    </ClCompile>
    <ClCompile Include="OversightRecordDlg.cpp">
      <Filter>Source Files</Filter>
    </ClCompile>
    <ClCompile Include="patient_billing.cpp">
      <Filter>Source Files</Filter>
    </ClCompile>
    <ClCompile Include="OversightBillingDlg.cpp">
      <Filter>Source Files</Filter>
    </ClCompile>
  </ItemGroup>
  <ItemGroup>
    <ResourceCompile Include="HomeHealth.rc">
      <Filter>Resource Files</Filter>
    </ResourceCompile>
  </ItemGroup>
  <ItemGroup>
    <Image Include="UserImages.bmp">
      <Filter>Resource Files</Filter>
    </Image>
    <Image Include="res\HomeHealthDoc.ico">
      <Filter>Resource Files</Filter>
    </Image>
    <Image Include="res\HomeHealth.ico">
      <Filter>Resource Files</Filter>
    </Image>
    <Image Include="res\Toolbar.bmp">
      <Filter>Resource Files</Filter>
    </Image>
    <Image Include="res\Toolbar256.bmp">
      <Filter>Resource Files</Filter>
    </Image>
    <Image Include="res\icon1.ico">
      <Filter>Resource Files</Filter>
    </Image>
    <Image Include="res\bitmap1.bmp">
      <Filter>Resource Files</Filter>
    </Image>
    <Image Include="res\bitmap2.bmp">
      <Filter>Resource Files</Filter>
    </Image>
    <Image Include="..\..\..\..\Users\mohan\Pictures\red_light.bmp">
      <Filter>Resource Files</Filter>
    </Image>
    <Image Include="res\green_light.bmp">
      <Filter>Resource Files</Filter>
    </Image>
    <Image Include="res\red_light.bmp">
      <Filter>Resource Files</Filter>
    </Image>
    <Image Include="res\yellow_light.bmp">
      <Filter>Resource Files</Filter>
    </Image>
    <Image Include="res\icon2.ico">
      <Filter>Resource Files</Filter>
    </Image>
    <Image Include="res\green_light_s.bmp">
      <Filter>Resource Files</Filter>
    </Image>
    <Image Include="res\red_light_s.bmp">
      <Filter>Resource Files</Filter>
    </Image>
    <Image Include="res\yellow_light_s.bmp">
      <Filter>Resource Files</Filter>
    </Image>
  </ItemGroup>
  <ItemGroup>
    <None Include="res\HomeHealth.rc2">
      <Filter>Resource Files</Filter>
    </None>
  </ItemGroup>
</Project>